Microsoft Visual Studio Solution File, Format Version 12.00
# Visual Studio 2017
Project("{FAE04EC0-301F-11D3-BF4B-00C04F79EFBC}") = "TelegramWP10", "TelegramWP10\TelegramWP10.csproj", "{A1B2C3D4-E5F6-4789-8A1B-C2D3E4F5G6H7}"
EndProject
Global
	GlobalSection(SolutionConfigurationPlatforms) = preSolution
		Release|ARM = Release|ARM
	EndGlobalSection
	GlobalSection(ProjectConfigurationPlatforms) = postSolution
		{A1B2C3D4-E5F6-4789-8A1B-C2D3E4F5G6H7}.Release|ARM.ActiveCfg = Release|ARM
		{A1B2C3D4-E5F6-4789-8A1B-C2D3E4F5G6H7}.Release|ARM.Build.0 = Release|ARM
		{A1B2C3D4-E5F6-4789-8A1B-C2D3E4F5G6H7}.Release|ARM.Deploy.0 = Release|ARM
	EndGlobalSection
EndGlobal
